// !$*UTF8*$!
{
	archiveVersion = 1;
	classes = {
	};
	objectVersion = 46;
	objects = {

/* Begin PBXBuildFile section */
		0908EDA626623D8A00CF878A /* XRBaseDemoVC.m in Sources */ = {isa = PBXBuildFile; fileRef = 0908EDA526623D8A00CF878A /* XRBaseDemoVC.m */; };
		0908EDA926623DAA00CF878A /* XRDemoModel.m in Sources */ = {isa = PBXBuildFile; fileRef = 0908EDA826623DAA00CF878A /* XRDemoModel.m */; };
		0908EDAE2662464200CF878A /* XRSequenceDemoVC.m in Sources */ = {isa = PBXBuildFile; fileRef = 0908EDAD2662464200CF878A /* XRSequenceDemoVC.m */; };
		0908EDB1266248A800CF878A /* XRReverseDemoVC.m in Sources */ = {isa = PBXBuildFile; fileRef = 0908EDB0266248A800CF878A /* XRReverseDemoVC.m */; };
		0908EDB4266248BB00CF878A /* XRPriorityDemoVC.m in Sources */ = {isa = PBXBuildFile; fileRef = 0908EDB3266248BB00CF878A /* XRPriorityDemoVC.m */; };
		0908EDB7266248CB00CF878A /* XRConcurrentDemoVC.m in Sources */ = {isa = PBXBuildFile; fileRef = 0908EDB6266248CB00CF878A /* XRConcurrentDemoVC.m */; };
		0908EDBA266248DB00CF878A /* XRMaxTaskCountDemoVC.m in Sources */ = {isa = PBXBuildFile; fileRef = 0908EDB9266248DB00CF878A /* XRMaxTaskCountDemoVC.m */; };
		0908EDBD266248EC00CF878A /* XRCustomQueueDemoVC.m in Sources */ = {isa = PBXBuildFile; fileRef = 0908EDBC266248EC00CF878A /* XRCustomQueueDemoVC.m */; };
		27546FCDC0DF9EF64351FE09 /* Pods_XRTaskScheduler_Tests.framework in Frameworks */ = {isa = PBXBuildFile; fileRef = D60B1FD93E91E53544FDADD5 /* Pods_XRTaskScheduler_Tests.framework */; };
		6003F58E195388D20070C39A /* Foundation.framework in Frameworks */ = {isa = PBXBuildFile; fileRef = 6003F58D195388D20070C39A /* Foundation.framework */; };
		6003F590195388D20070C39A /* CoreGraphics.framework in Frameworks */ = {isa = PBXBuildFile; fileRef = 6003F58F195388D20070C39A /* CoreGraphics.framework */; };
		6003F592195388D20070C39A /* UIKit.framework in Frameworks */ = {isa = PBXBuildFile; fileRef = 6003F591195388D20070C39A /* UIKit.framework */; };
		6003F598195388D20070C39A /* InfoPlist.strings in Resources */ = {isa = PBXBuildFile; fileRef = 6003F596195388D20070C39A /* InfoPlist.strings */; };
		6003F59A195388D20070C39A /* main.m in Sources */ = {isa = PBXBuildFile; fileRef = 6003F599195388D20070C39A /* main.m */; };
		6003F59E195388D20070C39A /* XRAppDelegate.m in Sources */ = {isa = PBXBuildFile; fileRef = 6003F59D195388D20070C39A /* XRAppDelegate.m */; };
		6003F5A7195388D20070C39A /* XRViewController.m in Sources */ = {isa = PBXBuildFile; fileRef = 6003F5A6195388D20070C39A /* XRViewController.m */; };
		6003F5A9195388D20070C39A /* Images.xcassets in Resources */ = {isa = PBXBuildFile; fileRef = 6003F5A8195388D20070C39A /* Images.xcassets */; };
		6003F5B0195388D20070C39A /* XCTest.framework in Frameworks */ = {isa = PBXBuildFile; fileRef = 6003F5AF195388D20070C39A /* XCTest.framework */; };
		6003F5B1195388D20070C39A /* Foundation.framework in Frameworks */ = {isa = PBXBuildFile; fileRef = 6003F58D195388D20070C39A /* Foundation.framework */; };
		6003F5B2195388D20070C39A /* UIKit.framework in Frameworks */ = {isa = PBXBuildFile; fileRef = 6003F591195388D20070C39A /* UIKit.framework */; };
		6003F5BA195388D20070C39A /* InfoPlist.strings in Resources */ = {isa = PBXBuildFile; fileRef = 6003F5B8195388D20070C39A /* InfoPlist.strings */; };
		6003F5BC195388D20070C39A /* Tests.m in Sources */ = {isa = PBXBuildFile; fileRef = 6003F5BB195388D20070C39A /* Tests.m */; };
		71719F9F1E33DC2100824A3D /* LaunchScreen.storyboard in Resources */ = {isa = PBXBuildFile; fileRef = 71719F9D1E33DC2100824A3D /* LaunchScreen.storyboard */; };
		873B8AEB1B1F5CCA007FD442 /* Main.storyboard in Resources */ = {isa = PBXBuildFile; fileRef = 873B8AEA1B1F5CCA007FD442 /* Main.storyboard */; };
		92BFD0C5F80E266B50C092DB /* Pods_XRTaskScheduler_Example.framework in Frameworks */ = {isa = PBXBuildFile; fileRef = 4B8C8825F9B47CC6E5C854D3 /* Pods_XRTaskScheduler_Example.framework */; };
/* End PBXBuildFile section */

/* Begin PBXContainerItemProxy section */
		6003F5B3195388D20070C39A /* PBXContainerItemProxy */ = {
			isa = PBXContainerItemProxy;
			containerPortal = 6003F582195388D10070C39A /* Project object */;
			proxyType = 1;
			remoteGlobalIDString = 6003F589195388D20070C39A;
			remoteInfo = XRTaskScheduler;
		};
/* End PBXContainerItemProxy section */

/* Begin PBXFileReference section */
		0908EDA426623D8A00CF878A /* XRBaseDemoVC.h */ = {isa = PBXFileReference; lastKnownFileType = sourcecode.c.h; path = XRBaseDemoVC.h; sourceTree = "<group>"; };
		0908EDA526623D8A00CF878A /* XRBaseDemoVC.m */ = {isa = PBXFileReference; lastKnownFileType = sourcecode.c.objc; path = XRBaseDemoVC.m; sourceTree = "<group>"; };
		0908EDA726623DAA00CF878A /* XRDemoModel.h */ = {isa = PBXFileReference; lastKnownFileType = sourcecode.c.h; path = XRDemoModel.h; sourceTree = "<group>"; };
		0908EDA826623DAA00CF878A /* XRDemoModel.m */ = {isa = PBXFileReference; lastKnownFileType = sourcecode.c.objc; path = XRDemoModel.m; sourceTree = "<group>"; };
		0908EDAC2662464200CF878A /* XRSequenceDemoVC.h */ = {isa = PBXFileReference; lastKnownFileType = sourcecode.c.h; path = XRSequenceDemoVC.h; sourceTree = "<group>"; };
		0908EDAD2662464200CF878A /* XRSequenceDemoVC.m */ = {isa = PBXFileReference; lastKnownFileType = sourcecode.c.objc; path = XRSequenceDemoVC.m; sourceTree = "<group>"; };
		0908EDAF266248A800CF878A /* XRReverseDemoVC.h */ = {isa = PBXFileReference; lastKnownFileType = sourcecode.c.h; path = XRReverseDemoVC.h; sourceTree = "<group>"; };
		0908EDB0266248A800CF878A /* XRReverseDemoVC.m */ = {isa = PBXFileReference; lastKnownFileType = sourcecode.c.objc; path = XRReverseDemoVC.m; sourceTree = "<group>"; };
		0908EDB2266248BB00CF878A /* XRPriorityDemoVC.h */ = {isa = PBXFileReference; lastKnownFileType = sourcecode.c.h; path = XRPriorityDemoVC.h; sourceTree = "<group>"; };
		0908EDB3266248BB00CF878A /* XRPriorityDemoVC.m */ = {isa = PBXFileReference; lastKnownFileType = sourcecode.c.objc; path = XRPriorityDemoVC.m; sourceTree = "<group>"; };
		0908EDB5266248CB00CF878A /* XRConcurrentDemoVC.h */ = {isa = PBXFileReference; lastKnownFileType = sourcecode.c.h; path = XRConcurrentDemoVC.h; sourceTree = "<group>"; };
		0908EDB6266248CB00CF878A /* XRConcurrentDemoVC.m */ = {isa = PBXFileReference; lastKnownFileType = sourcecode.c.objc; path = XRConcurrentDemoVC.m; sourceTree = "<group>"; };
		0908EDB8266248DB00CF878A /* XRMaxTaskCountDemoVC.h */ = {isa = PBXFileReference; lastKnownFileType = sourcecode.c.h; path = XRMaxTaskCountDemoVC.h; sourceTree = "<group>"; };
		0908EDB9266248DB00CF878A /* XRMaxTaskCountDemoVC.m */ = {isa = PBXFileReference; lastKnownFileType = sourcecode.c.objc; path = XRMaxTaskCountDemoVC.m; sourceTree = "<group>"; };
		0908EDBB266248EC00CF878A /* XRCustomQueueDemoVC.h */ = {isa = PBXFileReference; lastKnownFileType = sourcecode.c.h; path = XRCustomQueueDemoVC.h; sourceTree = "<group>"; };
		0908EDBC266248EC00CF878A /* XRCustomQueueDemoVC.m */ = {isa = PBXFileReference; lastKnownFileType = sourcecode.c.objc; path = XRCustomQueueDemoVC.m; sourceTree = "<group>"; };
		294E668D7BDFB5A18271F0ED /* XRTaskScheduler.podspec */ = {isa = PBXFileReference; includeInIndex = 1; lastKnownFileType = text; name = XRTaskScheduler.podspec; path = ../XRTaskScheduler.podspec; sourceTree = "<group>"; };
		36BD3FC2BC1E96B09711BC8C /* README.md */ = {isa = PBXFileReference; includeInIndex = 1; lastKnownFileType = net.daringfireball.markdown; name = README.md; path = ../README.md; sourceTree = "<group>"; };
		4B8C8825F9B47CC6E5C854D3 /* Pods_XRTaskScheduler_Example.framework */ = {isa = PBXFileReference; explicitFileType = wrapper.framework; includeInIndex = 0; path = Pods_XRTaskScheduler_Example.framework; sourceTree = BUILT_PRODUCTS_DIR; };
		5C769CCA5AF013485CC520A6 /* Pods-XRTaskScheduler_Example.release.xcconfig */ = {isa = PBXFileReference; includeInIndex = 1; lastKnownFileType = text.xcconfig; name = "Pods-XRTaskScheduler_Example.release.xcconfig"; path = "Target Support Files/Pods-XRTaskScheduler_Example/Pods-XRTaskScheduler_Example.release.xcconfig"; sourceTree = "<group>"; };
		6003F58A195388D20070C39A /* XRTaskScheduler_Example.app */ = {isa = PBXFileReference; explicitFileType = wrapper.application; includeInIndex = 0; path = XRTaskScheduler_Example.app; sourceTree = BUILT_PRODUCTS_DIR; };
		6003F58D195388D20070C39A /* Foundation.framework */ = {isa = PBXFileReference; lastKnownFileType = wrapper.framework; name = Foundation.framework; path = System/Library/Frameworks/Foundation.framework; sourceTree = SDKROOT; };
		6003F58F195388D20070C39A /* CoreGraphics.framework */ = {isa = PBXFileReference; lastKnownFileType = wrapper.framework; name = CoreGraphics.framework; path = System/Library/Frameworks/CoreGraphics.framework; sourceTree = SDKROOT; };
		6003F591195388D20070C39A /* UIKit.framework */ = {isa = PBXFileReference; lastKnownFileType = wrapper.framework; name = UIKit.framework; path = System/Library/Frameworks/UIKit.framework; sourceTree = SDKROOT; };
		6003F595195388D20070C39A /* XRTaskScheduler-Info.plist */ = {isa = PBXFileReference; lastKnownFileType = text.plist.xml; path = "XRTaskScheduler-Info.plist"; sourceTree = "<group>"; };
		6003F597195388D20070C39A /* en */ = {isa = PBXFileReference; lastKnownFileType = text.plist.strings; name = en; path = en.lproj/InfoPlist.strings; sourceTree = "<group>"; };
		6003F599195388D20070C39A /* main.m */ = {isa = PBXFileReference; lastKnownFileType = sourcecode.c.objc; path = main.m; sourceTree = "<group>"; };
		6003F59B195388D20070C39A /* XRTaskScheduler-Prefix.pch */ = {isa = PBXFileReference; lastKnownFileType = sourcecode.c.h; path = "XRTaskScheduler-Prefix.pch"; sourceTree = "<group>"; };
		6003F59C195388D20070C39A /* XRAppDelegate.h */ = {isa = PBXFileReference; lastKnownFileType = sourcecode.c.h; path = XRAppDelegate.h; sourceTree = "<group>"; };
		6003F59D195388D20070C39A /* XRAppDelegate.m */ = {isa = PBXFileReference; lastKnownFileType = sourcecode.c.objc; path = XRAppDelegate.m; sourceTree = "<group>"; };
		6003F5A5195388D20070C39A /* XRViewController.h */ = {isa = PBXFileReference; lastKnownFileType = sourcecode.c.h; path = XRViewController.h; sourceTree = "<group>"; };
		6003F5A6195388D20070C39A /* XRViewController.m */ = {isa = PBXFileReference; lastKnownFileType = sourcecode.c.objc; path = XRViewController.m; sourceTree = "<group>"; };
		6003F5A8195388D20070C39A /* Images.xcassets */ = {isa = PBXFileReference; lastKnownFileType = folder.assetcatalog; path = Images.xcassets; sourceTree = "<group>"; };
		6003F5AE195388D20070C39A /* XRTaskScheduler_Tests.xctest */ = {isa = PBXFileReference; explicitFileType = wrapper.cfbundle; includeInIndex = 0; path = XRTaskScheduler_Tests.xctest; sourceTree = BUILT_PRODUCTS_DIR; };
		6003F5AF195388D20070C39A /* XCTest.framework */ = {isa = PBXFileReference; lastKnownFileType = wrapper.framework; name = XCTest.framework; path = Library/Frameworks/XCTest.framework; sourceTree = DEVELOPER_DIR; };
		6003F5B7195388D20070C39A /* Tests-Info.plist */ = {isa = PBXFileReference; lastKnownFileType = text.plist.xml; path = "Tests-Info.plist"; sourceTree = "<group>"; };
		6003F5B9195388D20070C39A /* en */ = {isa = PBXFileReference; lastKnownFileType = text.plist.strings; name = en; path = en.lproj/InfoPlist.strings; sourceTree = "<group>"; };
		6003F5BB195388D20070C39A /* Tests.m */ = {isa = PBXFileReference; lastKnownFileType = sourcecode.c.objc; path = Tests.m; sourceTree = "<group>"; };
		606FC2411953D9B200FFA9A0 /* Tests-Prefix.pch */ = {isa = PBXFileReference; lastKnownFileType = sourcecode.c.h; path = "Tests-Prefix.pch"; sourceTree = "<group>"; };
		650280DB63881249ABC081DD /* Pods-XRTaskScheduler_Tests.release.xcconfig */ = {isa = PBXFileReference; includeInIndex = 1; lastKnownFileType = text.xcconfig; name = "Pods-XRTaskScheduler_Tests.release.xcconfig"; path = "Target Support Files/Pods-XRTaskScheduler_Tests/Pods-XRTaskScheduler_Tests.release.xcconfig"; sourceTree = "<group>"; };
		71719F9E1E33DC2100824A3D /* Base */ = {isa = PBXFileReference; lastKnownFileType = file.storyboard; name = Base; path = Base.lproj/LaunchScreen.storyboard; sourceTree = "<group>"; };
		873B8AEA1B1F5CCA007FD442 /* Main.storyboard */ = {isa = PBXFileReference; fileEncoding = 4; lastKnownFileType = file.storyboard; name = Main.storyboard; path = Base.lproj/Main.storyboard; sourceTree = "<group>"; };
		8870921B3DA3EB1FBB4A77EC /* LICENSE */ = {isa = PBXFileReference; includeInIndex = 1; lastKnownFileType = text; name = LICENSE; path = ../LICENSE; sourceTree = "<group>"; };
		D60B1FD93E91E53544FDADD5 /* Pods_XRTaskScheduler_Tests.framework */ = {isa = PBXFileReference; explicitFileType = wrapper.framework; includeInIndex = 0; path = Pods_XRTaskScheduler_Tests.framework; sourceTree = BUILT_PRODUCTS_DIR; };
		E24CAB4104465B2BDC74310F /* Pods-XRTaskScheduler_Example.debug.xcconfig */ = {isa = PBXFileReference; includeInIndex = 1; lastKnownFileType = text.xcconfig; name = "Pods-XRTaskScheduler_Example.debug.xcconfig"; path = "Target Support Files/Pods-XRTaskScheduler_Example/Pods-XRTaskScheduler_Example.debug.xcconfig"; sourceTree = "<group>"; };
		F3511EB657E3C09C080E0951 /* Pods-XRTaskScheduler_Tests.debug.xcconfig */ = {isa = PBXFileReference; includeInIndex = 1; lastKnownFileType = text.xcconfig; name = "Pods-XRTaskScheduler_Tests.debug.xcconfig"; path = "Target Support Files/Pods-XRTaskScheduler_Tests/Pods-XRTaskScheduler_Tests.debug.xcconfig"; sourceTree = "<group>"; };
/* End PBXFileReference section */

/* Begin PBXFrameworksBuildPhase section */
		6003F587195388D20070C39A /* Frameworks */ = {
			isa = PBXFrameworksBuildPhase;
			buildActionMask = 2147483647;
			files = (
				6003F590195388D20070C39A /* CoreGraphics.framework in Frameworks */,
				6003F592195388D20070C39A /* UIKit.framework in Frameworks */,
				6003F58E195388D20070C39A /* Foundation.framework in Frameworks */,
				92BFD0C5F80E266B50C092DB /* Pods_XRTaskScheduler_Example.framework in Frameworks */,
			);
			runOnlyForDeploymentPostprocessing = 0;
		};
		6003F5AB195388D20070C39A /* Frameworks */ = {
			isa = PBXFrameworksBuildPhase;
			buildActionMask = 2147483647;
			files = (
				6003F5B0195388D20070C39A /* XCTest.framework in Frameworks */,
				6003F5B2195388D20070C39A /* UIKit.framework in Frameworks */,
				6003F5B1195388D20070C39A /* Foundation.framework in Frameworks */,
				27546FCDC0DF9EF64351FE09 /* Pods_XRTaskScheduler_Tests.framework in Frameworks */,
			);
			runOnlyForDeploymentPostprocessing = 0;
		};
/* End PBXFrameworksBuildPhase section */

/* Begin PBXGroup section */
		0908EDAA2662462200CF878A /* XRBaseDemoVC */ = {
			isa = PBXGroup;
			children = (
				0908EDA426623D8A00CF878A /* XRBaseDemoVC.h */,
				0908EDA526623D8A00CF878A /* XRBaseDemoVC.m */,
			);
			name = XRBaseDemoVC;
			sourceTree = "<group>";
		};
		0908EDAB2662462800CF878A /* XRDemoVC */ = {
			isa = PBXGroup;
			children = (
				0908EDAC2662464200CF878A /* XRSequenceDemoVC.h */,
				0908EDAD2662464200CF878A /* XRSequenceDemoVC.m */,
				0908EDAF266248A800CF878A /* XRReverseDemoVC.h */,
				0908EDB0266248A800CF878A /* XRReverseDemoVC.m */,
				0908EDB2266248BB00CF878A /* XRPriorityDemoVC.h */,
				0908EDB3266248BB00CF878A /* XRPriorityDemoVC.m */,
				0908EDB5266248CB00CF878A /* XRConcurrentDemoVC.h */,
				0908EDB6266248CB00CF878A /* XRConcurrentDemoVC.m */,
				0908EDB8266248DB00CF878A /* XRMaxTaskCountDemoVC.h */,
				0908EDB9266248DB00CF878A /* XRMaxTaskCountDemoVC.m */,
				0908EDBB266248EC00CF878A /* XRCustomQueueDemoVC.h */,
				0908EDBC266248EC00CF878A /* XRCustomQueueDemoVC.m */,
			);
			name = XRDemoVC;
			sourceTree = "<group>";
		};
		6003F581195388D10070C39A = {
			isa = PBXGroup;
			children = (
				60FF7A9C1954A5C5007DD14C /* Podspec Metadata */,
				6003F593195388D20070C39A /* Example for XRTaskScheduler */,
				6003F5B5195388D20070C39A /* Tests */,
				6003F58C195388D20070C39A /* Frameworks */,
				6003F58B195388D20070C39A /* Products */,
				DD405410BC28DC8F813EF4B6 /* Pods */,
			);
			sourceTree = "<group>";
		};
		6003F58B195388D20070C39A /* Products */ = {
			isa = PBXGroup;
			children = (
				6003F58A195388D20070C39A /* XRTaskScheduler_Example.app */,
				6003F5AE195388D20070C39A /* XRTaskScheduler_Tests.xctest */,
			);
			name = Products;
			sourceTree = "<group>";
		};
		6003F58C195388D20070C39A /* Frameworks */ = {
			isa = PBXGroup;
			children = (
				6003F58D195388D20070C39A /* Foundation.framework */,
				6003F58F195388D20070C39A /* CoreGraphics.framework */,
				6003F591195388D20070C39A /* UIKit.framework */,
				6003F5AF195388D20070C39A /* XCTest.framework */,
				4B8C8825F9B47CC6E5C854D3 /* Pods_XRTaskScheduler_Example.framework */,
				D60B1FD93E91E53544FDADD5 /* Pods_XRTaskScheduler_Tests.framework */,
			);
			name = Frameworks;
			sourceTree = "<group>";
		};
		6003F593195388D20070C39A /* Example for XRTaskScheduler */ = {
			isa = PBXGroup;
			children = (
				6003F59C195388D20070C39A /* XRAppDelegate.h */,
				6003F59D195388D20070C39A /* XRAppDelegate.m */,
				873B8AEA1B1F5CCA007FD442 /* Main.storyboard */,
				6003F5A5195388D20070C39A /* XRViewController.h */,
				6003F5A6195388D20070C39A /* XRViewController.m */,
				0908EDA726623DAA00CF878A /* XRDemoModel.h */,
				0908EDA826623DAA00CF878A /* XRDemoModel.m */,
				0908EDAA2662462200CF878A /* XRBaseDemoVC */,
				0908EDAB2662462800CF878A /* XRDemoVC */,
				71719F9D1E33DC2100824A3D /* LaunchScreen.storyboard */,
				6003F5A8195388D20070C39A /* Images.xcassets */,
				6003F594195388D20070C39A /* Supporting Files */,
			);
			name = "Example for XRTaskScheduler";
			path = XRTaskScheduler;
			sourceTree = "<group>";
		};
		6003F594195388D20070C39A /* Supporting Files */ = {
			isa = PBXGroup;
			children = (
				6003F595195388D20070C39A /* XRTaskScheduler-Info.plist */,
				6003F596195388D20070C39A /* InfoPlist.strings */,
				6003F599195388D20070C39A /* main.m */,
				6003F59B195388D20070C39A /* XRTaskScheduler-Prefix.pch */,
			);
			name = "Supporting Files";
			sourceTree = "<group>";
		};
		6003F5B5195388D20070C39A /* Tests */ = {
			isa = PBXGroup;
			children = (
				6003F5BB195388D20070C39A /* Tests.m */,
				6003F5B6195388D20070C39A /* Supporting Files */,
			);
			path = Tests;
			sourceTree = "<group>";
		};
		6003F5B6195388D20070C39A /* Supporting Files */ = {
			isa = PBXGroup;
			children = (
				6003F5B7195388D20070C39A /* Tests-Info.plist */,
				6003F5B8195388D20070C39A /* InfoPlist.strings */,
				606FC2411953D9B200FFA9A0 /* Tests-Prefix.pch */,
			);
			name = "Supporting Files";
			sourceTree = "<group>";
		};
		60FF7A9C1954A5C5007DD14C /* Podspec Metadata */ = {
			isa = PBXGroup;
			children = (
				294E668D7BDFB5A18271F0ED /* XRTaskScheduler.podspec */,
				36BD3FC2BC1E96B09711BC8C /* README.md */,
				8870921B3DA3EB1FBB4A77EC /* LICENSE */,
			);
			name = "Podspec Metadata";
			sourceTree = "<group>";
		};
		DD405410BC28DC8F813EF4B6 /* Pods */ = {
			isa = PBXGroup;
			children = (
				E24CAB4104465B2BDC74310F /* Pods-XRTaskScheduler_Example.debug.xcconfig */,
				5C769CCA5AF013485CC520A6 /* Pods-XRTaskScheduler_Example.release.xcconfig */,
				F3511EB657E3C09C080E0951 /* Pods-XRTaskScheduler_Tests.debug.xcconfig */,
				650280DB63881249ABC081DD /* Pods-XRTaskScheduler_Tests.release.xcconfig */,
			);
			path = Pods;
			sourceTree = "<group>";
		};
/* End PBXGroup section */

/* Begin PBXNativeTarget section */
		6003F589195388D20070C39A /* XRTaskScheduler_Example */ = {
			isa = PBXNativeTarget;
			buildConfigurationList = 6003F5BF195388D20070C39A /* Build configuration list for PBXNativeTarget "XRTaskScheduler_Example" */;
			buildPhases = (
				3189D3012895ADCDAAFCE64A /* [CP] Check Pods Manifest.lock */,
				6003F586195388D20070C39A /* Sources */,
				6003F587195388D20070C39A /* Frameworks */,
				6003F588195388D20070C39A /* Resources */,
				8CEAD4A5E98F9DA2B8221B9A /* [CP] Embed Pods Frameworks */,
			);
			buildRules = (
			);
			dependencies = (
			);
			name = XRTaskScheduler_Example;
			productName = XRTaskScheduler;
			productReference = 6003F58A195388D20070C39A /* XRTaskScheduler_Example.app */;
			productType = "com.apple.product-type.application";
		};
		6003F5AD195388D20070C39A /* XRTaskScheduler_Tests */ = {
			isa = PBXNativeTarget;
			buildConfigurationList = 6003F5C2195388D20070C39A /* Build configuration list for PBXNativeTarget "XRTaskScheduler_Tests" */;
			buildPhases = (
				6D2F51FFFED1B247AEC67A54 /* [CP] Check Pods Manifest.lock */,
				6003F5AA195388D20070C39A /* Sources */,
				6003F5AB195388D20070C39A /* Frameworks */,
				6003F5AC195388D20070C39A /* Resources */,
			);
			buildRules = (
			);
			dependencies = (
				6003F5B4195388D20070C39A /* PBXTargetDependency */,
			);
			name = XRTaskScheduler_Tests;
			productName = XRTaskSchedulerTests;
			productReference = 6003F5AE195388D20070C39A /* XRTaskScheduler_Tests.xctest */;
			productType = "com.apple.product-type.bundle.unit-test";
		};
/* End PBXNativeTarget section */

/* Begin PBXProject section */
		6003F582195388D10070C39A /* Project object */ = {
			isa = PBXProject;
			attributes = {
				CLASSPREFIX = XR;
				LastUpgradeCheck = 0720;
				ORGANIZATIONNAME = Bear;
				TargetAttributes = {
					6003F589195388D20070C39A = {
						DevelopmentTeam = FLMW38VA5X;
					};
					6003F5AD195388D20070C39A = {
						TestTargetID = 6003F589195388D20070C39A;
					};
				};
			};
			buildConfigurationList = 6003F585195388D10070C39A /* Build configuration list for PBXProject "XRTaskScheduler" */;
			compatibilityVersion = "Xcode 3.2";
			developmentRegion = English;
			hasScannedForEncodings = 0;
			knownRegions = (
				English,
				en,
				Base,
			);
			mainGroup = 6003F581195388D10070C39A;
			productRefGroup = 6003F58B195388D20070C39A /* Products */;
			projectDirPath = "";
			projectRoot = "";
			targets = (
				6003F589195388D20070C39A /* XRTaskScheduler_Example */,
				6003F5AD195388D20070C39A /* XRTaskScheduler_Tests */,
			);
		};
/* End PBXProject section */

/* Begin PBXResourcesBuildPhase section */
		6003F588195388D20070C39A /* Resources */ = {
			isa = PBXResourcesBuildPhase;
			buildActionMask = 2147483647;
			files = (
				873B8AEB1B1F5CCA007FD442 /* Main.storyboard in Resources */,
				71719F9F1E33DC2100824A3D /* LaunchScreen.storyboard in Resources */,
				6003F5A9195388D20070C39A /* Images.xcassets in Resources */,
				6003F598195388D20070C39A /* InfoPlist.strings in Resources */,
			);
			runOnlyForDeploymentPostprocessing = 0;
		};
		6003F5AC195388D20070C39A /* Resources */ = {
			isa = PBXResourcesBuildPhase;
			buildActionMask = 2147483647;
			files = (
				6003F5BA195388D20070C39A /* InfoPlist.strings in Resources */,
			);
			runOnlyForDeploymentPostprocessing = 0;
		};
/* End PBXResourcesBuildPhase section */

/* Begin PBXShellScriptBuildPhase section */
		3189D3012895ADCDAAFCE64A /* [CP] Check Pods Manifest.lock */ = {
			isa = PBXShellScriptBuildPhase;
			buildActionMask = 2147483647;
			files = (
			);
			inputFileListPaths = (
			);
			inputPaths = (
				"${PODS_PODFILE_DIR_PATH}/Podfile.lock",
				"${PODS_ROOT}/Manifest.lock",
			);
			name = "[CP] Check Pods Manifest.lock";
			outputFileListPaths = (
			);
			outputPaths = (
				"$(DERIVED_FILE_DIR)/Pods-XRTaskScheduler_Example-checkManifestLockResult.txt",
			);
			runOnlyForDeploymentPostprocessing = 0;
			shellPath = /bin/sh;
			shellScript = "diff \"${PODS_PODFILE_DIR_PATH}/Podfile.lock\" \"${PODS_ROOT}/Manifest.lock\" > /dev/null\nif [ $? != 0 ] ; then\n    # print error to STDERR\n    echo \"error: The sandbox is not in sync with the Podfile.lock. Run 'pod install' or update your CocoaPods installation.\" >&2\n    exit 1\nfi\n# This output is used by Xcode 'outputs' to avoid re-running this script phase.\necho \"SUCCESS\" > \"${SCRIPT_OUTPUT_FILE_0}\"\n";
			showEnvVarsInLog = 0;
		};
		6D2F51FFFED1B247AEC67A54 /* [CP] Check Pods Manifest.lock */ = {
			isa = PBXShellScriptBuildPhase;
			buildActionMask = 2147483647;
			files = (
			);
			inputFileListPaths = (
			);
			inputPaths = (
				"${PODS_PODFILE_DIR_PATH}/Podfile.lock",
				"${PODS_ROOT}/Manifest.lock",
			);
			name = "[CP] Check Pods Manifest.lock";
			outputFileListPaths = (
			);
			outputPaths = (
				"$(DERIVED_FILE_DIR)/Pods-XRTaskScheduler_Tests-checkManifestLockResult.txt",
			);
			runOnlyForDeploymentPostprocessing = 0;
			shellPath = /bin/sh;
			shellScript = "diff \"${PODS_PODFILE_DIR_PATH}/Podfile.lock\" \"${PODS_ROOT}/Manifest.lock\" > /dev/null\nif [ $? != 0 ] ; then\n    # print error to STDERR\n    echo \"error: The sandbox is not in sync with the Podfile.lock. Run 'pod install' or update your CocoaPods installation.\" >&2\n    exit 1\nfi\n# This output is used by Xcode 'outputs' to avoid re-running this script phase.\necho \"SUCCESS\" > \"${SCRIPT_OUTPUT_FILE_0}\"\n";
			showEnvVarsInLog = 0;
		};
		8CEAD4A5E98F9DA2B8221B9A /* [CP] Embed Pods Frameworks */ = {
			isa = PBXShellScriptBuildPhase;
			buildActionMask = 2147483647;
			files = (
			);
			inputPaths = (
				"${PODS_ROOT}/Target Support Files/Pods-XRTaskScheduler_Example/Pods-XRTaskScheduler_Example-frameworks.sh",
				"${BUILT_PRODUCTS_DIR}/XRTaskScheduler/XRTaskScheduler.framework",
			);
			name = "[CP] Embed Pods Frameworks";
			outputPaths = (
				"${TARGET_BUILD_DIR}/${FRAMEWORKS_FOLDER_PATH}/XRTaskScheduler.framework",
			);
			runOnlyForDeploymentPostprocessing = 0;
			shellPath = /bin/sh;
			shellScript = "\"${PODS_ROOT}/Target Support Files/Pods-XRTaskScheduler_Example/Pods-XRTaskScheduler_Example-frameworks.sh\"\n";
			showEnvVarsInLog = 0;
		};
/* End PBXShellScriptBuildPhase section */

/* Begin PBXSourcesBuildPhase section */
		6003F586195388D20070C39A /* Sources */ = {
			isa = PBXSourcesBuildPhase;
			buildActionMask = 2147483647;
			files = (
				0908EDB7266248CB00CF878A /* XRConcurrentDemoVC.m in Sources */,
				0908EDAE2662464200CF878A /* XRSequenceDemoVC.m in Sources */,
				0908EDBD266248EC00CF878A /* XRCustomQueueDemoVC.m in Sources */,
				0908EDA626623D8A00CF878A /* XRBaseDemoVC.m in Sources */,
				0908EDB1266248A800CF878A /* XRReverseDemoVC.m in Sources */,
				6003F59E195388D20070C39A /* XRAppDelegate.m in Sources */,
				0908EDBA266248DB00CF878A /* XRMaxTaskCountDemoVC.m in Sources */,
				0908EDA926623DAA00CF878A /* XRDemoModel.m in Sources */,
				6003F5A7195388D20070C39A /* XRViewController.m in Sources */,
				6003F59A195388D20070C39A /* main.m in Sources */,
				0908EDB4266248BB00CF878A /* XRPriorityDemoVC.m in Sources */,
			);
			runOnlyForDeploymentPostprocessing = 0;
		};
		6003F5AA195388D20070C39A /* Sources */ = {
			isa = PBXSourcesBuildPhase;
			buildActionMask = 2147483647;
			files = (
				6003F5BC195388D20070C39A /* Tests.m in Sources */,
			);
			runOnlyForDeploymentPostprocessing = 0;
		};
/* End PBXSourcesBuildPhase section */

/* Begin PBXTargetDependency section */
		6003F5B4195388D20070C39A /* PBXTargetDependency */ = {
			isa = PBXTargetDependency;
			target = 6003F589195388D20070C39A /* XRTaskScheduler_Example */;
			targetProxy = 6003F5B3195388D20070C39A /* PBXContainerItemProxy */;
		};
/* End PBXTargetDependency section */

/* Begin PBXVariantGroup section */
		6003F596195388D20070C39A /* InfoPlist.strings */ = {
			isa = PBXVariantGroup;
			children = (
				6003F597195388D20070C39A /* en */,
			);
			name = InfoPlist.strings;
			sourceTree = "<group>";
		};
		6003F5B8195388D20070C39A /* InfoPlist.strings */ = {
			isa = PBXVariantGroup;
			children = (
				6003F5B9195388D20070C39A /* en */,
			);
			name = InfoPlist.strings;
			sourceTree = "<group>";
		};
		71719F9D1E33DC2100824A3D /* LaunchScreen.storyboard */ = {
			isa = PBXVariantGroup;
			children = (
				71719F9E1E33DC2100824A3D /* Base */,
			);
			name = LaunchScreen.storyboard;
			sourceTree = "<group>";
		};
/* End PBXVariantGroup section */

/* Begin XCBuildConfiguration section */
		6003F5BD195388D20070C39A /* Debug */ = {
			isa = XCBuildConfiguration;
			buildSettings = {
				ALWAYS_SEARCH_USER_PATHS = NO;
				CLANG_CXX_LANGUAGE_STANDARD = "gnu++0x";
				CLANG_CXX_LIBRARY = "libc++";
				CLANG_ENABLE_MODULES = YES;
				CLANG_ENABLE_OBJC_ARC = YES;
				CLANG_WARN_BOOL_CONVERSION = YES;
				CLANG_WARN_CONSTANT_CONVERSION = YES;
				CLANG_WARN_DIRECT_OBJC_ISA_USAGE = YES_ERROR;
				CLANG_WARN_EMPTY_BODY = YES;
				CLANG_WARN_ENUM_CONVERSION = YES;
				CLANG_WARN_INT_CONVERSION = YES;
				CLANG_WARN_OBJC_ROOT_CLASS = YES_ERROR;
				CLANG_WARN__DUPLICATE_METHOD_MATCH = YES;
				"CODE_SIGN_IDENTITY[sdk=iphoneos*]" = "iPhone Developer";
				COPY_PHASE_STRIP = NO;
				ENABLE_TESTABILITY = YES;
				GCC_C_LANGUAGE_STANDARD = gnu99;
				GCC_DYNAMIC_NO_PIC = NO;
				GCC_OPTIMIZATION_LEVEL = 0;
				GCC_PREPROCESSOR_DEFINITIONS = (
					"DEBUG=1",
					"$(inherited)",
				);
				GCC_SYMBOLS_PRIVATE_EXTERN = NO;
				GCC_WARN_64_TO_32_BIT_CONVERSION = YES;
				GCC_WARN_ABOUT_RETURN_TYPE = YES_ERROR;
				GCC_WARN_UNDECLARED_SELECTOR = YES;
				GCC_WARN_UNINITIALIZED_AUTOS = YES_AGGRESSIVE;
				GCC_WARN_UNUSED_FUNCTION = YES;
				GCC_WARN_UNUSED_VARIABLE = YES;
				IPHONEOS_DEPLOYMENT_TARGET = 9.3;
				ONLY_ACTIVE_ARCH = YES;
				SDKROOT = iphoneos;
				TARGETED_DEVICE_FAMILY = "1,2";
			};
			name = Debug;
		};
		6003F5BE195388D20070C39A /* Release */ = {
			isa = XCBuildConfiguration;
			buildSettings = {
				ALWAYS_SEARCH_USER_PATHS = NO;
				CLANG_CXX_LANGUAGE_STANDARD = "gnu++0x";
				CLANG_CXX_LIBRARY = "libc++";
				CLANG_ENABLE_MODULES = YES;
				CLANG_ENABLE_OBJC_ARC = YES;
				CLANG_WARN_BOOL_CONVERSION = YES;
				CLANG_WARN_CONSTANT_CONVERSION = YES;
				CLANG_WARN_DIRECT_OBJC_ISA_USAGE = YES_ERROR;
				CLANG_WARN_EMPTY_BODY = YES;
				CLANG_WARN_ENUM_CONVERSION = YES;
				CLANG_WARN_INT_CONVERSION = YES;
				CLANG_WARN_OBJC_ROOT_CLASS = YES_ERROR;
				CLANG_WARN__DUPLICATE_METHOD_MATCH = YES;
				"CODE_SIGN_IDENTITY[sdk=iphoneos*]" = "iPhone Developer";
				COPY_PHASE_STRIP = YES;
				ENABLE_NS_ASSERTIONS = NO;
				GCC_C_LANGUAGE_STANDARD = gnu99;
				GCC_WARN_64_TO_32_BIT_CONVERSION = YES;
				GCC_WARN_ABOUT_RETURN_TYPE = YES_ERROR;
				GCC_WARN_UNDECLARED_SELECTOR = YES;
				GCC_WARN_UNINITIALIZED_AUTOS = YES_AGGRESSIVE;
				GCC_WARN_UNUSED_FUNCTION = YES;
				GCC_WARN_UNUSED_VARIABLE = YES;
				IPHONEOS_DEPLOYMENT_TARGET = 9.3;
				SDKROOT = iphoneos;
				TARGETED_DEVICE_FAMILY = "1,2";
				VALIDATE_PRODUCT = YES;
			};
			name = Release;
		};
		6003F5C0195388D20070C39A /* Debug */ = {
			isa = XCBuildConfiguration;
			baseConfigurationReference = E24CAB4104465B2BDC74310F /* Pods-XRTaskScheduler_Example.debug.xcconfig */;
			buildSettings = {
				ASSETCATALOG_COMPILER_APPICON_NAME = AppIcon;
				DEVELOPMENT_TEAM = FLMW38VA5X;
				GCC_PRECOMPILE_PREFIX_HEADER = YES;
				GCC_PREFIX_HEADER = "XRTaskScheduler/XRTaskScheduler-Prefix.pch";
				INFOPLIST_FILE = "XRTaskScheduler/XRTaskScheduler-Info.plist";
				MODULE_NAME = ExampleApp;
				PRODUCT_BUNDLE_IDENTIFIER = "org.cocoapods.demo.${PRODUCT_NAME:rfc1034identifier}";
				PRODUCT_NAME = "$(TARGET_NAME)";
				SWIFT_VERSION = 4.0;
				WRAPPER_EXTENSION = app;
			};
			name = Debug;
		};
		6003F5C1195388D20070C39A /* Release */ = {
			isa = XCBuildConfiguration;
			baseConfigurationReference = 5C769CCA5AF013485CC520A6 /* Pods-XRTaskScheduler_Example.release.xcconfig */;
			buildSettings = {
				ASSETCATALOG_COMPILER_APPICON_NAME = AppIcon;
				DEVELOPMENT_TEAM = FLMW38VA5X;
				GCC_PRECOMPILE_PREFIX_HEADER = YES;
				GCC_PREFIX_HEADER = "XRTaskScheduler/XRTaskScheduler-Prefix.pch";
				INFOPLIST_FILE = "XRTaskScheduler/XRTaskScheduler-Info.plist";
				MODULE_NAME = ExampleApp;
				PRODUCT_BUNDLE_IDENTIFIER = "org.cocoapods.demo.${PRODUCT_NAME:rfc1034identifier}";
				PRODUCT_NAME = "$(TARGET_NAME)";
				SWIFT_VERSION = 4.0;
				WRAPPER_EXTENSION = app;
			};
			name = Release;
		};
		6003F5C3195388D20070C39A /* Debug */ = {
			isa = XCBuildConfiguration;
			baseConfigurationReference = F3511EB657E3C09C080E0951 /* Pods-XRTaskScheduler_Tests.debug.xcconfig */;
			buildSettings = {
				BUNDLE_LOADER = "$(TEST_HOST)";
				FRAMEWORK_SEARCH_PATHS = (
					"$(PLATFORM_DIR)/Developer/Library/Frameworks",
					"$(inherited)",
					"$(DEVELOPER_FRAMEWORKS_DIR)",
				);
				GCC_PRECOMPILE_PREFIX_HEADER = YES;
				GCC_PREFIX_HEADER = "Tests/Tests-Prefix.pch";
				GCC_PREPROCESSOR_DEFINITIONS = (
					"DEBUG=1",
					"$(inherited)",
				);
				INFOPLIST_FILE = "Tests/Tests-Info.plist";
				PRODUCT_BUNDLE_IDENTIFIER = "org.cocoapods.demo.${PRODUCT_NAME:rfc1034identifier}";
				PRODUCT_NAME = "$(TARGET_NAME)";
				SWIFT_VERSION = 4.0;
				TEST_HOST = "$(BUILT_PRODUCTS_DIR)/XRTaskScheduler_Example.app/XRTaskScheduler_Example";
				WRAPPER_EXTENSION = xctest;
			};
			name = Debug;
		};
		6003F5C4195388D20070C39A /* Release */ = {
			isa = XCBuildConfiguration;
			baseConfigurationReference = 650280DB63881249ABC081DD /* Pods-XRTaskScheduler_Tests.release.xcconfig */;
			buildSettings = {
				BUNDLE_LOADER = "$(TEST_HOST)";
				FRAMEWORK_SEARCH_PATHS = (
					"$(PLATFORM_DIR)/Developer/Library/Frameworks",
					"$(inherited)",
					"$(DEVELOPER_FRAMEWORKS_DIR)",
				);
				GCC_PRECOMPILE_PREFIX_HEADER = YES;
				GCC_PREFIX_HEADER = "Tests/Tests-Prefix.pch";
				INFOPLIST_FILE = "Tests/Tests-Info.plist";
				PRODUCT_BUNDLE_IDENTIFIER = "org.cocoapods.demo.${PRODUCT_NAME:rfc1034identifier}";
				PRODUCT_NAME = "$(TARGET_NAME)";
				SWIFT_VERSION = 4.0;
				TEST_HOST = "$(BUILT_PRODUCTS_DIR)/XRTaskScheduler_Example.app/XRTaskScheduler_Example";
				WRAPPER_EXTENSION = xctest;
			};
			name = Release;
		};
/* End XCBuildConfiguration section */

/* Begin XCConfigurationList section */
		6003F585195388D10070C39A /* Build configuration list for PBXProject "XRTaskScheduler" */ = {
			isa = XCConfigurationList;
			buildConfigurations = (
				6003F5BD195388D20070C39A /* Debug */,
				6003F5BE195388D20070C39A /* Release */,
			);
			defaultConfigurationIsVisible = 0;
			defaultConfigurationName = Release;
		};
		6003F5BF195388D20070C39A /* Build configuration list for PBXNativeTarget "XRTaskScheduler_Example" */ = {
			isa = XCConfigurationList;
			buildConfigurations = (
				6003F5C0195388D20070C39A /* Debug */,
				6003F5C1195388D20070C39A /* Release */,
			);
			defaultConfigurationIsVisible = 0;
			defaultConfigurationName = Release;
		};
		6003F5C2195388D20070C39A /* Build configuration list for PBXNativeTarget "XRTaskScheduler_Tests" */ = {
			isa = XCConfigurationList;
			buildConfigurations = (
				6003F5C3195388D20070C39A /* Debug */,
				6003F5C4195388D20070C39A /* Release */,
			);
			defaultConfigurationIsVisible = 0;
			defaultConfigurationName = Release;
		};
/* End XCConfigurationList section */
	};
	rootObject = 6003F582195388D10070C39A /* Project object */;
}
